
Microsoft Visual Studio Solution File, Format Version 12.00
# Visual Studio Version 17
VisualStudioVersion = 17.2.32526.322
MinimumVisualStudioVersion = 10.0.40219.1
Project("{9A19103F-16F7-4668-BE54-9A1E7A4F7556}") = "DayzMapsLoader.Application", "DayzMapsLoader.Application\DayzMapsLoader.Application.csproj", "{685C713D-4333-4286-9FB3-9D28DF97CA41}"
EndProject
Project("{9A19103F-16F7-4668-BE54-9A1E7A4F7556}") = "DayzMapsLoader.Presentation.ConsoleApp", "DayzMapsLoader.Presentation.Console\DayzMapsLoader.Presentation.ConsoleApp.csproj", "{D6E87C51-E9B0-4F41-8DA0-B2B60B8A7C49}"
EndProject
Project("{9A19103F-16F7-4668-BE54-9A1E7A4F7556}") = "DayzMapsLoader.Domain", "DayzMapsLoader.Domain\DayzMapsLoader.Domain.csproj", "{CBA8911B-ED22-4426-AEAE-037CC2D4BECA}"
EndProject
Project("{9A19103F-16F7-4668-BE54-9A1E7A4F7556}") = "DayzMapsLoader.Infrastructure", "DayzMapsLoader.Infrastructure\DayzMapsLoader.Infrastructure.csproj", "{35DA0B4C-E561-4858-BE3C-DAAB3C7BF4ED}"
EndProject
Project("{9A19103F-16F7-4668-BE54-9A1E7A4F7556}") = "DayzMapsLoader.Application.UnitTests", "DayzMapsLoader.Application.UnitTests\DayzMapsLoader.Application.UnitTests.csproj", "{307C23A6-D5EF-4DA0-8273-7340F1D60655}"
EndProject
Project("{FAE04EC0-301F-11D3-BF4B-00C04F79EFBC}") = "DayzMapsLoader.Server", "DayzMapsLoader.Server\DayzMapsLoader.Server.csproj", "{D0AF22CF-0856-4369-B2A6-5EC82A88C68C}"
EndProject
Global
	GlobalSection(SolutionConfigurationPlatforms) = preSolution
		Debug|Any CPU = Debug|Any CPU
		Release|Any CPU = Release|Any CPU
	EndGlobalSection
	GlobalSection(ProjectConfigurationPlatforms) = postSolution
		{685C713D-4333-4286-9FB3-9D28DF97CA41}.Debug|Any CPU.ActiveCfg = Debug|Any CPU
		{685C713D-4333-4286-9FB3-9D28DF97CA41}.Debug|Any CPU.Build.0 = Debug|Any CPU
		{685C713D-4333-4286-9FB3-9D28DF97CA41}.Release|Any CPU.ActiveCfg = Release|Any CPU
		{685C713D-4333-4286-9FB3-9D28DF97CA41}.Release|Any CPU.Build.0 = Release|Any CPU
		{D6E87C51-E9B0-4F41-8DA0-B2B60B8A7C49}.Debug|Any CPU.ActiveCfg = Debug|Any CPU
		{D6E87C51-E9B0-4F41-8DA0-B2B60B8A7C49}.Debug|Any CPU.Build.0 = Debug|Any CPU
		{D6E87C51-E9B0-4F41-8DA0-B2B60B8A7C49}.Release|Any CPU.ActiveCfg = Release|Any CPU
		{D6E87C51-E9B0-4F41-8DA0-B2B60B8A7C49}.Release|Any CPU.Build.0 = Release|Any CPU
		{CBA8911B-ED22-4426-AEAE-037CC2D4BECA}.Debug|Any CPU.ActiveCfg = Debug|Any CPU
		{CBA8911B-ED22-4426-AEAE-037CC2D4BECA}.Debug|Any CPU.Build.0 = Debug|Any CPU
		{CBA8911B-ED22-4426-AEAE-037CC2D4BECA}.Release|Any CPU.ActiveCfg = Release|Any CPU
		{CBA8911B-ED22-4426-AEAE-037CC2D4BECA}.Release|Any CPU.Build.0 = Release|Any CPU
		{35DA0B4C-E561-4858-BE3C-DAAB3C7BF4ED}.Debug|Any CPU.ActiveCfg = Debug|Any CPU
		{35DA0B4C-E561-4858-BE3C-DAAB3C7BF4ED}.Debug|Any CPU.Build.0 = Debug|Any CPU
		{35DA0B4C-E561-4858-BE3C-DAAB3C7BF4ED}.Release|Any CPU.ActiveCfg = Release|Any CPU
		{35DA0B4C-E561-4858-BE3C-DAAB3C7BF4ED}.Release|Any CPU.Build.0 = Release|Any CPU
		{307C23A6-D5EF-4DA0-8273-7340F1D60655}.Debug|Any CPU.ActiveCfg = Debug|Any CPU
		{307C23A6-D5EF-4DA0-8273-7340F1D60655}.Debug|Any CPU.Build.0 = Debug|Any CPU
		{307C23A6-D5EF-4DA0-8273-7340F1D60655}.Release|Any CPU.ActiveCfg = Release|Any CPU
		{307C23A6-D5EF-4DA0-8273-7340F1D60655}.Release|Any CPU.Build.0 = Release|Any CPU
		{D0AF22CF-0856-4369-B2A6-5EC82A88C68C}.Debug|Any CPU.ActiveCfg = Debug|Any CPU
		{D0AF22CF-0856-4369-B2A6-5EC82A88C68C}.Debug|Any CPU.Build.0 = Debug|Any CPU
		{D0AF22CF-0856-4369-B2A6-5EC82A88C68C}.Release|Any CPU.ActiveCfg = Release|Any CPU
		{D0AF22CF-0856-4369-B2A6-5EC82A88C68C}.Release|Any CPU.Build.0 = Release|Any CPU
	EndGlobalSection
	GlobalSection(SolutionProperties) = preSolution
		HideSolutionNode = FALSE
	EndGlobalSection
	GlobalSection(ExtensibilityGlobals) = postSolution
		SolutionGuid = {28B0EF1D-DF8E-430E-9E46-6D20D64861F9}
	EndGlobalSection
EndGlobal
